// !$*UTF8*$!
{
	archiveVersion = 1;
	classes = {
	};
	objectVersion = 55;
	objects = {

/* Begin PBXBuildFile section */
		750355FF26FE02C4004FA7E7 /* TeamQrCodeManager.swift in Sources */ = {isa = PBXBuildFile; fileRef = 750355FE26FE02C4004FA7E7 /* TeamQrCodeManager.swift */; };
		7503560226FE039B004FA7E7 /* TeamQrCodeView.swift in Sources */ = {isa = PBXBuildFile; fileRef = 7503560126FE039B004FA7E7 /* TeamQrCodeView.swift */; };
		7503560426FE03AA004FA7E7 /* TeamQrCodePresenter.swift in Sources */ = {isa = PBXBuildFile; fileRef = 7503560326FE03AA004FA7E7 /* TeamQrCodePresenter.swift */; };
		7503560926FF28CB004FA7E7 /* QrCodeScannerView.swift in Sources */ = {isa = PBXBuildFile; fileRef = 7503560826FF28CB004FA7E7 /* QrCodeScannerView.swift */; };
		7503560D26FF28F5004FA7E7 /* TeamQrCodeScannerView.swift in Sources */ = {isa = PBXBuildFile; fileRef = 7503560C26FF28F5004FA7E7 /* TeamQrCodeScannerView.swift */; };
		7503560F26FF2906004FA7E7 /* TeamQrCodeScannerPresenter.swift in Sources */ = {isa = PBXBuildFile; fileRef = 7503560E26FF2906004FA7E7 /* TeamQrCodeScannerPresenter.swift */; };
		7504C5C82719CADE00C13FD3 /* BannerContent.swift in Sources */ = {isa = PBXBuildFile; fileRef = 7504C5C72719CADE00C13FD3 /* BannerContent.swift */; };
		7504C5CB271BE0D700C13FD3 /* PopupView in Frameworks */ = {isa = PBXBuildFile; productRef = 7504C5CA271BE0D700C13FD3 /* PopupView */; };
		751015C8271F15E100DE7E99 /* TeamSelectList.swift in Sources */ = {isa = PBXBuildFile; fileRef = 751015C7271F15E100DE7E99 /* TeamSelectList.swift */; };
		751015CA2722FB0200DE7E99 /* CartCheckButton.swift in Sources */ = {isa = PBXBuildFile; fileRef = 751015C92722FB0200DE7E99 /* CartCheckButton.swift */; };
		751015CC2723051F00DE7E99 /* OrderDetailInteractor.swift in Sources */ = {isa = PBXBuildFile; fileRef = 751015CB2723051F00DE7E99 /* OrderDetailInteractor.swift */; };
		75119BF4271C1CCB00187EB3 /* QrCodeScannerBanner.swift in Sources */ = {isa = PBXBuildFile; fileRef = 75119BF3271C1CCB00187EB3 /* QrCodeScannerBanner.swift */; };
		751F62B22717357E00D19E8F /* NewOrderInteractor.swift in Sources */ = {isa = PBXBuildFile; fileRef = 751F62B12717357E00D19E8F /* NewOrderInteractor.swift */; };
		751F62B42717360400D19E8F /* OrderStore.swift in Sources */ = {isa = PBXBuildFile; fileRef = 751F62B32717360400D19E8F /* OrderStore.swift */; };
		75595E272725811600C33B79 /* ActivityIndicatorView in Frameworks */ = {isa = PBXBuildFile; productRef = 75595E262725811600C33B79 /* ActivityIndicatorView */; };
		75595E29272586BB00C33B79 /* ActivityIndicator.swift in Sources */ = {isa = PBXBuildFile; fileRef = 75595E28272586BB00C33B79 /* ActivityIndicator.swift */; };
		755AE30D2715C67E001EE2D3 /* OrderListInteractor.swift in Sources */ = {isa = PBXBuildFile; fileRef = 755AE30C2715C67E001EE2D3 /* OrderListInteractor.swift */; };
		7567FAC62736A309002620C3 /* AvatarImage.swift in Sources */ = {isa = PBXBuildFile; fileRef = 7567FAC52736A309002620C3 /* AvatarImage.swift */; };
		7571BFE427397D9000E0FA1E /* NewOrderRouter.swift in Sources */ = {isa = PBXBuildFile; fileRef = 7571BFE327397D9000E0FA1E /* NewOrderRouter.swift */; };
		7571BFE627397E6300E0FA1E /* OrderEditRouter.swift in Sources */ = {isa = PBXBuildFile; fileRef = 7571BFE527397E6300E0FA1E /* OrderEditRouter.swift */; };
		7571BFE827397F1100E0FA1E /* OrderDetailRouter.swift in Sources */ = {isa = PBXBuildFile; fileRef = 7571BFE727397F1100E0FA1E /* OrderDetailRouter.swift */; };
		7571BFEA27397FB000E0FA1E /* NewTeamRouter.swift in Sources */ = {isa = PBXBuildFile; fileRef = 7571BFE927397FB000E0FA1E /* NewTeamRouter.swift */; };
		7571BFEC2739816200E0FA1E /* TeamQrCodeRouter.swift in Sources */ = {isa = PBXBuildFile; fileRef = 7571BFEB2739816200E0FA1E /* TeamQrCodeRouter.swift */; };
		7571BFEE273981D900E0FA1E /* TeamQrCodeScannerRouter.swift in Sources */ = {isa = PBXBuildFile; fileRef = 7571BFED273981D900E0FA1E /* TeamQrCodeScannerRouter.swift */; };
		7571BFF0273983A200E0FA1E /* LoginRouter.swift in Sources */ = {isa = PBXBuildFile; fileRef = 7571BFEF273983A200E0FA1E /* LoginRouter.swift */; };
		7582F61127357CD2001D9EA5 /* AvatarImagePicker.swift in Sources */ = {isa = PBXBuildFile; fileRef = 7582F61027357CD2001D9EA5 /* AvatarImagePicker.swift */; };
		758BA3F3270DE0A0005C2407 /* HomeInteractor.swift in Sources */ = {isa = PBXBuildFile; fileRef = 758BA3F2270DE0A0005C2407 /* HomeInteractor.swift */; };
		7595AB32272D643700EFAFC9 /* OrderEditView.swift in Sources */ = {isa = PBXBuildFile; fileRef = 7595AB31272D643700EFAFC9 /* OrderEditView.swift */; };
		7595AB34272D644D00EFAFC9 /* OrderEditPresenter.swift in Sources */ = {isa = PBXBuildFile; fileRef = 7595AB33272D644D00EFAFC9 /* OrderEditPresenter.swift */; };
		7595AB36272D645800EFAFC9 /* OrderEditInteractor.swift in Sources */ = {isa = PBXBuildFile; fileRef = 7595AB35272D645800EFAFC9 /* OrderEditInteractor.swift */; };
		759626A926FDE91900460629 /* OrderSheetApp.swift in Sources */ = {isa = PBXBuildFile; fileRef = 759626A826FDE91900460629 /* OrderSheetApp.swift */; };
		759626AB26FDE91900460629 /* ContentView.swift in Sources */ = {isa = PBXBuildFile; fileRef = 759626AA26FDE91900460629 /* ContentView.swift */; };
		759626AD26FDE91B00460629 /* Assets.xcassets in Resources */ = {isa = PBXBuildFile; fileRef = 759626AC26FDE91B00460629 /* Assets.xcassets */; };
		759626B026FDE91B00460629 /* Preview Assets.xcassets in Resources */ = {isa = PBXBuildFile; fileRef = 759626AF26FDE91B00460629 /* Preview Assets.xcassets */; };
		7596270326FDE9DB00460629 /* DateUtility.swift in Sources */ = {isa = PBXBuildFile; fileRef = 759626D326FDE9DA00460629 /* DateUtility.swift */; };
		7596270426FDE9DB00460629 /* FirebaseAuth.swift in Sources */ = {isa = PBXBuildFile; fileRef = 759626D426FDE9DA00460629 /* FirebaseAuth.swift */; };
		7596270526FDE9DB00460629 /* UIApplicationExtension.swift in Sources */ = {isa = PBXBuildFile; fileRef = 759626D526FDE9DA00460629 /* UIApplicationExtension.swift */; };
		7596270626FDE9DB00460629 /* Order.swift in Sources */ = {isa = PBXBuildFile; fileRef = 759626D726FDE9DB00460629 /* Order.swift */; };
		7596270726FDE9DB00460629 /* Team.swift in Sources */ = {isa = PBXBuildFile; fileRef = 759626D826FDE9DB00460629 /* Team.swift */; };
		7596270826FDE9DB00460629 /* User.swift in Sources */ = {isa = PBXBuildFile; fileRef = 759626D926FDE9DB00460629 /* User.swift */; };
		7596270926FDE9DB00460629 /* FirebaseAuthStateObserver.swift in Sources */ = {isa = PBXBuildFile; fileRef = 759626DA26FDE9DB00460629 /* FirebaseAuthStateObserver.swift */; };
		7596270B26FDE9DB00460629 /* HomeView.swift in Sources */ = {isa = PBXBuildFile; fileRef = 759626DE26FDE9DB00460629 /* HomeView.swift */; };
		7596270C26FDE9DB00460629 /* HomeRouter.swift in Sources */ = {isa = PBXBuildFile; fileRef = 759626DF26FDE9DB00460629 /* HomeRouter.swift */; };
		7596270D26FDE9DB00460629 /* HomePresenter.swift in Sources */ = {isa = PBXBuildFile; fileRef = 759626E026FDE9DB00460629 /* HomePresenter.swift */; };
		7596270E26FDE9DB00460629 /* NewTeamPresenter.swift in Sources */ = {isa = PBXBuildFile; fileRef = 759626E226FDE9DB00460629 /* NewTeamPresenter.swift */; };
		7596270F26FDE9DB00460629 /* NewTeamView.swift in Sources */ = {isa = PBXBuildFile; fileRef = 759626E326FDE9DB00460629 /* NewTeamView.swift */; };
		7596271026FDE9DB00460629 /* TeamDetailView.swift in Sources */ = {isa = PBXBuildFile; fileRef = 759626E526FDE9DB00460629 /* TeamDetailView.swift */; };
		7596271126FDE9DB00460629 /* TeamDetailPresenter.swift in Sources */ = {isa = PBXBuildFile; fileRef = 759626E626FDE9DB00460629 /* TeamDetailPresenter.swift */; };
		7596271226FDE9DB00460629 /* RootRouter.swift in Sources */ = {isa = PBXBuildFile; fileRef = 759626E826FDE9DB00460629 /* RootRouter.swift */; };
		7596271326FDE9DB00460629 /* RootView.swift in Sources */ = {isa = PBXBuildFile; fileRef = 759626E926FDE9DB00460629 /* RootView.swift */; };
		7596271426FDE9DB00460629 /* RootPresenter.swift in Sources */ = {isa = PBXBuildFile; fileRef = 759626EA26FDE9DB00460629 /* RootPresenter.swift */; };
		7596271526FDE9DB00460629 /* OrderDetailPresenter.swift in Sources */ = {isa = PBXBuildFile; fileRef = 759626EC26FDE9DB00460629 /* OrderDetailPresenter.swift */; };
		7596271626FDE9DB00460629 /* OrderDetailView.swift in Sources */ = {isa = PBXBuildFile; fileRef = 759626ED26FDE9DB00460629 /* OrderDetailView.swift */; };
		7596271726FDE9DB00460629 /* OrderListView.swift in Sources */ = {isa = PBXBuildFile; fileRef = 759626EF26FDE9DB00460629 /* OrderListView.swift */; };
		7596271826FDE9DB00460629 /* OrderListPresenter.swift in Sources */ = {isa = PBXBuildFile; fileRef = 759626F026FDE9DB00460629 /* OrderListPresenter.swift */; };
		7596271926FDE9DB00460629 /* OrderListRouter.swift in Sources */ = {isa = PBXBuildFile; fileRef = 759626F126FDE9DB00460629 /* OrderListRouter.swift */; };
		7596271A26FDE9DB00460629 /* NewOrderView.swift in Sources */ = {isa = PBXBuildFile; fileRef = 759626F326FDE9DB00460629 /* NewOrderView.swift */; };
		7596271B26FDE9DB00460629 /* NewOrderPresenter.swift in Sources */ = {isa = PBXBuildFile; fileRef = 759626F426FDE9DB00460629 /* NewOrderPresenter.swift */; };
		7596271C26FDE9DB00460629 /* LoginView.swift in Sources */ = {isa = PBXBuildFile; fileRef = 759626F626FDE9DB00460629 /* LoginView.swift */; };
		7596271D26FDE9DB00460629 /* LoginPresenter.swift in Sources */ = {isa = PBXBuildFile; fileRef = 759626F726FDE9DB00460629 /* LoginPresenter.swift */; };
		7596271E26FDE9DB00460629 /* CartButton.swift in Sources */ = {isa = PBXBuildFile; fileRef = 759626F926FDE9DB00460629 /* CartButton.swift */; };
		7596271F26FDE9DB00460629 /* EditableList.swift in Sources */ = {isa = PBXBuildFile; fileRef = 759626FA26FDE9DB00460629 /* EditableList.swift */; };
		7596272026FDE9DB00460629 /* CommitButton.swift in Sources */ = {isa = PBXBuildFile; fileRef = 759626FB26FDE9DB00460629 /* CommitButton.swift */; };
		7596272126FDE9DB00460629 /* GoogleSignInButton.swift in Sources */ = {isa = PBXBuildFile; fileRef = 759626FC26FDE9DB00460629 /* GoogleSignInButton.swift */; };
		7596272226FDE9DB00460629 /* OrderList.swift in Sources */ = {isa = PBXBuildFile; fileRef = 759626FD26FDE9DB00460629 /* OrderList.swift */; };
		7596272326FDE9DB00460629 /* CustomTextField.swift in Sources */ = {isa = PBXBuildFile; fileRef = 759626FE26FDE9DB00460629 /* CustomTextField.swift */; };
		7596272426FDE9DB00460629 /* AppleSignInButton.swift in Sources */ = {isa = PBXBuildFile; fileRef = 759626FF26FDE9DB00460629 /* AppleSignInButton.swift */; };
		7596272526FDE9DB00460629 /* RemoveButton.swift in Sources */ = {isa = PBXBuildFile; fileRef = 7596270026FDE9DB00460629 /* RemoveButton.swift */; };
		7596272626FDE9DB00460629 /* OrderItemList.swift in Sources */ = {isa = PBXBuildFile; fileRef = 7596270126FDE9DB00460629 /* OrderItemList.swift */; };
		7596272726FDE9DB00460629 /* AddButton.swift in Sources */ = {isa = PBXBuildFile; fileRef = 7596270226FDE9DB00460629 /* AddButton.swift */; };
		7596273126FDFA2300460629 /* GoogleService-Info.plist in Resources */ = {isa = PBXBuildFile; fileRef = 7596273026FDFA2300460629 /* GoogleService-Info.plist */; };
		759F6E99271BFF01009DCD72 /* UIColorHex.swift in Sources */ = {isa = PBXBuildFile; fileRef = 759F6E98271BFF01009DCD72 /* UIColorHex.swift */; };
		75CBFB42270F236D00E7EE93 /* TeamDetailInteractor.swift in Sources */ = {isa = PBXBuildFile; fileRef = 75CBFB41270F236D00E7EE93 /* TeamDetailInteractor.swift */; };
		75DDA69A2700580F009854AE /* TeamStore.swift in Sources */ = {isa = PBXBuildFile; fileRef = 75DDA6992700580F009854AE /* TeamStore.swift */; };
		75E6977B2728374800A2AFE0 /* UnlockButton.swift in Sources */ = {isa = PBXBuildFile; fileRef = 75E6977A2728374800A2AFE0 /* UnlockButton.swift */; };
		75F273E527356F3000FCA847 /* ImagePicker.swift in Sources */ = {isa = PBXBuildFile; fileRef = 75F273E427356F3000FCA847 /* ImagePicker.swift */; };
		75F5DE6327005E5F0044A782 /* GoogleSignIn in Frameworks */ = {isa = PBXBuildFile; productRef = 75F5DE6227005E5F0044A782 /* GoogleSignIn */; };
		75F5DE73270082370044A782 /* NewTeamInteractor.swift in Sources */ = {isa = PBXBuildFile; fileRef = 75F5DE72270082370044A782 /* NewTeamInteractor.swift */; };
		75F5DE7627008D690044A782 /* FirebaseAuth in Frameworks */ = {isa = PBXBuildFile; productRef = 75F5DE7527008D690044A782 /* FirebaseAuth */; };
		75F5DE7827008D690044A782 /* FirebaseFirestore in Frameworks */ = {isa = PBXBuildFile; productRef = 75F5DE7727008D690044A782 /* FirebaseFirestore */; };
		75F5DE7A27008D690044A782 /* FirebaseFirestoreSwift-Beta in Frameworks */ = {isa = PBXBuildFile; productRef = 75F5DE7927008D690044A782 /* FirebaseFirestoreSwift-Beta */; };
		75F5DE7C27008D690044A782 /* FirebaseMessaging in Frameworks */ = {isa = PBXBuildFile; productRef = 75F5DE7B27008D690044A782 /* FirebaseMessaging */; };
		75F5DE7E2700A45B0044A782 /* TeamDetailRouter.swift in Sources */ = {isa = PBXBuildFile; fileRef = 75F5DE7D2700A45B0044A782 /* TeamDetailRouter.swift */; };
		75F5DE802700A8900044A782 /* UserStore.swift in Sources */ = {isa = PBXBuildFile; fileRef = 75F5DE7F2700A8900044A782 /* UserStore.swift */; };
		75F5DE842702178A0044A782 /* AuthStateObserver.swift in Sources */ = {isa = PBXBuildFile; fileRef = 75F5DE832702178A0044A782 /* AuthStateObserver.swift */; };
/* End PBXBuildFile section */

/* Begin PBXFileReference section */
		750355FE26FE02C4004FA7E7 /* TeamQrCodeManager.swift */ = {isa = PBXFileReference; lastKnownFileType = sourcecode.swift; path = TeamQrCodeManager.swift; sourceTree = "<group>"; };
		7503560126FE039B004FA7E7 /* TeamQrCodeView.swift */ = {isa = PBXFileReference; lastKnownFileType = sourcecode.swift; path = TeamQrCodeView.swift; sourceTree = "<group>"; };
		7503560326FE03AA004FA7E7 /* TeamQrCodePresenter.swift */ = {isa = PBXFileReference; lastKnownFileType = sourcecode.swift; path = TeamQrCodePresenter.swift; sourceTree = "<group>"; };
		7503560826FF28CB004FA7E7 /* QrCodeScannerView.swift */ = {isa = PBXFileReference; lastKnownFileType = sourcecode.swift; path = QrCodeScannerView.swift; sourceTree = "<group>"; };
		7503560C26FF28F5004FA7E7 /* TeamQrCodeScannerView.swift */ = {isa = PBXFileReference; lastKnownFileType = sourcecode.swift; path = TeamQrCodeScannerView.swift; sourceTree = "<group>"; };
		7503560E26FF2906004FA7E7 /* TeamQrCodeScannerPresenter.swift */ = {isa = PBXFileReference; lastKnownFileType = sourcecode.swift; path = TeamQrCodeScannerPresenter.swift; sourceTree = "<group>"; };
		7504C5C72719CADE00C13FD3 /* BannerContent.swift */ = {isa = PBXFileReference; lastKnownFileType = sourcecode.swift; path = BannerContent.swift; sourceTree = "<group>"; };
		751015C7271F15E100DE7E99 /* TeamSelectList.swift */ = {isa = PBXFileReference; lastKnownFileType = sourcecode.swift; path = TeamSelectList.swift; sourceTree = "<group>"; };
		751015C92722FB0200DE7E99 /* CartCheckButton.swift */ = {isa = PBXFileReference; lastKnownFileType = sourcecode.swift; path = CartCheckButton.swift; sourceTree = "<group>"; };
		751015CB2723051F00DE7E99 /* OrderDetailInteractor.swift */ = {isa = PBXFileReference; lastKnownFileType = sourcecode.swift; path = OrderDetailInteractor.swift; sourceTree = "<group>"; };
		75119BF3271C1CCB00187EB3 /* QrCodeScannerBanner.swift */ = {isa = PBXFileReference; lastKnownFileType = sourcecode.swift; path = QrCodeScannerBanner.swift; sourceTree = "<group>"; };
		751F62B12717357E00D19E8F /* NewOrderInteractor.swift */ = {isa = PBXFileReference; lastKnownFileType = sourcecode.swift; path = NewOrderInteractor.swift; sourceTree = "<group>"; };
		751F62B32717360400D19E8F /* OrderStore.swift */ = {isa = PBXFileReference; lastKnownFileType = sourcecode.swift; path = OrderStore.swift; sourceTree = "<group>"; };
		75595E28272586BB00C33B79 /* ActivityIndicator.swift */ = {isa = PBXFileReference; lastKnownFileType = sourcecode.swift; path = ActivityIndicator.swift; sourceTree = "<group>"; };
		755AE30C2715C67E001EE2D3 /* OrderListInteractor.swift */ = {isa = PBXFileReference; lastKnownFileType = sourcecode.swift; path = OrderListInteractor.swift; sourceTree = "<group>"; };
		7567FAC52736A309002620C3 /* AvatarImage.swift */ = {isa = PBXFileReference; lastKnownFileType = sourcecode.swift; path = AvatarImage.swift; sourceTree = "<group>"; };
		7571BFE327397D9000E0FA1E /* NewOrderRouter.swift */ = {isa = PBXFileReference; lastKnownFileType = sourcecode.swift; path = NewOrderRouter.swift; sourceTree = "<group>"; };
		7571BFE527397E6300E0FA1E /* OrderEditRouter.swift */ = {isa = PBXFileReference; lastKnownFileType = sourcecode.swift; path = OrderEditRouter.swift; sourceTree = "<group>"; };
		7571BFE727397F1100E0FA1E /* OrderDetailRouter.swift */ = {isa = PBXFileReference; lastKnownFileType = sourcecode.swift; path = OrderDetailRouter.swift; sourceTree = "<group>"; };
		7571BFE927397FB000E0FA1E /* NewTeamRouter.swift */ = {isa = PBXFileReference; lastKnownFileType = sourcecode.swift; path = NewTeamRouter.swift; sourceTree = "<group>"; };
		7571BFEB2739816200E0FA1E /* TeamQrCodeRouter.swift */ = {isa = PBXFileReference; lastKnownFileType = sourcecode.swift; path = TeamQrCodeRouter.swift; sourceTree = "<group>"; };
		7571BFED273981D900E0FA1E /* TeamQrCodeScannerRouter.swift */ = {isa = PBXFileReference; lastKnownFileType = sourcecode.swift; path = TeamQrCodeScannerRouter.swift; sourceTree = "<group>"; };
		7571BFEF273983A200E0FA1E /* LoginRouter.swift */ = {isa = PBXFileReference; lastKnownFileType = sourcecode.swift; path = LoginRouter.swift; sourceTree = "<group>"; };
		7582F61027357CD2001D9EA5 /* AvatarImagePicker.swift */ = {isa = PBXFileReference; lastKnownFileType = sourcecode.swift; path = AvatarImagePicker.swift; sourceTree = "<group>"; };
		758BA3F2270DE0A0005C2407 /* HomeInteractor.swift */ = {isa = PBXFileReference; lastKnownFileType = sourcecode.swift; path = HomeInteractor.swift; sourceTree = "<group>"; };
		7595AB31272D643700EFAFC9 /* OrderEditView.swift */ = {isa = PBXFileReference; lastKnownFileType = sourcecode.swift; path = OrderEditView.swift; sourceTree = "<group>"; };
		7595AB33272D644D00EFAFC9 /* OrderEditPresenter.swift */ = {isa = PBXFileReference; lastKnownFileType = sourcecode.swift; path = OrderEditPresenter.swift; sourceTree = "<group>"; };
		7595AB35272D645800EFAFC9 /* OrderEditInteractor.swift */ = {isa = PBXFileReference; lastKnownFileType = sourcecode.swift; path = OrderEditInteractor.swift; sourceTree = "<group>"; };
		759626A526FDE91900460629 /* OrderSheet.app */ = {isa = PBXFileReference; explicitFileType = wrapper.application; includeInIndex = 0; path = OrderSheet.app; sourceTree = BUILT_PRODUCTS_DIR; };
		759626A826FDE91900460629 /* OrderSheetApp.swift */ = {isa = PBXFileReference; lastKnownFileType = sourcecode.swift; path = OrderSheetApp.swift; sourceTree = "<group>"; };
		759626AA26FDE91900460629 /* ContentView.swift */ = {isa = PBXFileReference; lastKnownFileType = sourcecode.swift; path = ContentView.swift; sourceTree = "<group>"; };
		759626AC26FDE91B00460629 /* Assets.xcassets */ = {isa = PBXFileReference; lastKnownFileType = folder.assetcatalog; path = Assets.xcassets; sourceTree = "<group>"; };
		759626AF26FDE91B00460629 /* Preview Assets.xcassets */ = {isa = PBXFileReference; lastKnownFileType = folder.assetcatalog; path = "Preview Assets.xcassets"; sourceTree = "<group>"; };
		759626D326FDE9DA00460629 /* DateUtility.swift */ = {isa = PBXFileReference; fileEncoding = 4; lastKnownFileType = sourcecode.swift; path = DateUtility.swift; sourceTree = "<group>"; };
		759626D426FDE9DA00460629 /* FirebaseAuth.swift */ = {isa = PBXFileReference; fileEncoding = 4; lastKnownFileType = sourcecode.swift; path = FirebaseAuth.swift; sourceTree = "<group>"; };
		759626D526FDE9DA00460629 /* UIApplicationExtension.swift */ = {isa = PBXFileReference; fileEncoding = 4; lastKnownFileType = sourcecode.swift; path = UIApplicationExtension.swift; sourceTree = "<group>"; };
		759626D726FDE9DB00460629 /* Order.swift */ = {isa = PBXFileReference; fileEncoding = 4; lastKnownFileType = sourcecode.swift; path = Order.swift; sourceTree = "<group>"; };
		759626D826FDE9DB00460629 /* Team.swift */ = {isa = PBXFileReference; fileEncoding = 4; lastKnownFileType = sourcecode.swift; path = Team.swift; sourceTree = "<group>"; };
		759626D926FDE9DB00460629 /* User.swift */ = {isa = PBXFileReference; fileEncoding = 4; lastKnownFileType = sourcecode.swift; path = User.swift; sourceTree = "<group>"; };
		759626DA26FDE9DB00460629 /* FirebaseAuthStateObserver.swift */ = {isa = PBXFileReference; fileEncoding = 4; lastKnownFileType = sourcecode.swift; path = FirebaseAuthStateObserver.swift; sourceTree = "<group>"; };
		759626DE26FDE9DB00460629 /* HomeView.swift */ = {isa = PBXFileReference; fileEncoding = 4; lastKnownFileType = sourcecode.swift; path = HomeView.swift; sourceTree = "<group>"; };
		759626DF26FDE9DB00460629 /* HomeRouter.swift */ = {isa = PBXFileReference; fileEncoding = 4; lastKnownFileType = sourcecode.swift; path = HomeRouter.swift; sourceTree = "<group>"; };
		759626E026FDE9DB00460629 /* HomePresenter.swift */ = {isa = PBXFileReference; fileEncoding = 4; lastKnownFileType = sourcecode.swift; path = HomePresenter.swift; sourceTree = "<group>"; };
		759626E226FDE9DB00460629 /* NewTeamPresenter.swift */ = {isa = PBXFileReference; fileEncoding = 4; lastKnownFileType = sourcecode.swift; path = NewTeamPresenter.swift; sourceTree = "<group>"; };
		759626E326FDE9DB00460629 /* NewTeamView.swift */ = {isa = PBXFileReference; fileEncoding = 4; lastKnownFileType = sourcecode.swift; path = NewTeamView.swift; sourceTree = "<group>"; };
		759626E526FDE9DB00460629 /* TeamDetailView.swift */ = {isa = PBXFileReference; fileEncoding = 4; lastKnownFileType = sourcecode.swift; path = TeamDetailView.swift; sourceTree = "<group>"; };
		759626E626FDE9DB00460629 /* TeamDetailPresenter.swift */ = {isa = PBXFileReference; fileEncoding = 4; lastKnownFileType = sourcecode.swift; path = TeamDetailPresenter.swift; sourceTree = "<group>"; };
		759626E826FDE9DB00460629 /* RootRouter.swift */ = {isa = PBXFileReference; fileEncoding = 4; lastKnownFileType = sourcecode.swift; path = RootRouter.swift; sourceTree = "<group>"; };
		759626E926FDE9DB00460629 /* RootView.swift */ = {isa = PBXFileReference; fileEncoding = 4; lastKnownFileType = sourcecode.swift; path = RootView.swift; sourceTree = "<group>"; };
		759626EA26FDE9DB00460629 /* RootPresenter.swift */ = {isa = PBXFileReference; fileEncoding = 4; lastKnownFileType = sourcecode.swift; path = RootPresenter.swift; sourceTree = "<group>"; };
		759626EC26FDE9DB00460629 /* OrderDetailPresenter.swift */ = {isa = PBXFileReference; fileEncoding = 4; lastKnownFileType = sourcecode.swift; path = OrderDetailPresenter.swift; sourceTree = "<group>"; };
		759626ED26FDE9DB00460629 /* OrderDetailView.swift */ = {isa = PBXFileReference; fileEncoding = 4; lastKnownFileType = sourcecode.swift; path = OrderDetailView.swift; sourceTree = "<group>"; };
		759626EF26FDE9DB00460629 /* OrderListView.swift */ = {isa = PBXFileReference; fileEncoding = 4; lastKnownFileType = sourcecode.swift; path = OrderListView.swift; sourceTree = "<group>"; };
		759626F026FDE9DB00460629 /* OrderListPresenter.swift */ = {isa = PBXFileReference; fileEncoding = 4; lastKnownFileType = sourcecode.swift; path = OrderListPresenter.swift; sourceTree = "<group>"; };
		759626F126FDE9DB00460629 /* OrderListRouter.swift */ = {isa = PBXFileReference; fileEncoding = 4; lastKnownFileType = sourcecode.swift; path = OrderListRouter.swift; sourceTree = "<group>"; };
		759626F326FDE9DB00460629 /* NewOrderView.swift */ = {isa = PBXFileReference; fileEncoding = 4; lastKnownFileType = sourcecode.swift; path = NewOrderView.swift; sourceTree = "<group>"; };
		759626F426FDE9DB00460629 /* NewOrderPresenter.swift */ = {isa = PBXFileReference; fileEncoding = 4; lastKnownFileType = sourcecode.swift; path = NewOrderPresenter.swift; sourceTree = "<group>"; };
		759626F626FDE9DB00460629 /* LoginView.swift */ = {isa = PBXFileReference; fileEncoding = 4; lastKnownFileType = sourcecode.swift; path = LoginView.swift; sourceTree = "<group>"; };
		759626F726FDE9DB00460629 /* LoginPresenter.swift */ = {isa = PBXFileReference; fileEncoding = 4; lastKnownFileType = sourcecode.swift; path = LoginPresenter.swift; sourceTree = "<group>"; };
		759626F926FDE9DB00460629 /* CartButton.swift */ = {isa = PBXFileReference; fileEncoding = 4; lastKnownFileType = sourcecode.swift; path = CartButton.swift; sourceTree = "<group>"; };
		759626FA26FDE9DB00460629 /* EditableList.swift */ = {isa = PBXFileReference; fileEncoding = 4; lastKnownFileType = sourcecode.swift; path = EditableList.swift; sourceTree = "<group>"; };
		759626FB26FDE9DB00460629 /* CommitButton.swift */ = {isa = PBXFileReference; fileEncoding = 4; lastKnownFileType = sourcecode.swift; path = CommitButton.swift; sourceTree = "<group>"; };
		759626FC26FDE9DB00460629 /* GoogleSignInButton.swift */ = {isa = PBXFileReference; fileEncoding = 4; lastKnownFileType = sourcecode.swift; path = GoogleSignInButton.swift; sourceTree = "<group>"; };
		759626FD26FDE9DB00460629 /* OrderList.swift */ = {isa = PBXFileReference; fileEncoding = 4; lastKnownFileType = sourcecode.swift; path = OrderList.swift; sourceTree = "<group>"; };
		759626FE26FDE9DB00460629 /* CustomTextField.swift */ = {isa = PBXFileReference; fileEncoding = 4; lastKnownFileType = sourcecode.swift; path = CustomTextField.swift; sourceTree = "<group>"; };
		759626FF26FDE9DB00460629 /* AppleSignInButton.swift */ = {isa = PBXFileReference; fileEncoding = 4; lastKnownFileType = sourcecode.swift; path = AppleSignInButton.swift; sourceTree = "<group>"; };
		7596270026FDE9DB00460629 /* RemoveButton.swift */ = {isa = PBXFileReference; fileEncoding = 4; lastKnownFileType = sourcecode.swift; path = RemoveButton.swift; sourceTree = "<group>"; };
		7596270126FDE9DB00460629 /* OrderItemList.swift */ = {isa = PBXFileReference; fileEncoding = 4; lastKnownFileType = sourcecode.swift; path = OrderItemList.swift; sourceTree = "<group>"; };
		7596270226FDE9DB00460629 /* AddButton.swift */ = {isa = PBXFileReference; fileEncoding = 4; lastKnownFileType = sourcecode.swift; path = AddButton.swift; sourceTree = "<group>"; };
		7596272E26FDF8D900460629 /* OrderSheet.entitlements */ = {isa = PBXFileReference; lastKnownFileType = text.plist.entitlements; path = OrderSheet.entitlements; sourceTree = "<group>"; };
		7596272F26FDF90700460629 /* Info.plist */ = {isa = PBXFileReference; lastKnownFileType = text.plist; path = Info.plist; sourceTree = "<group>"; };
		7596273026FDFA2300460629 /* GoogleService-Info.plist */ = {isa = PBXFileReference; fileEncoding = 4; lastKnownFileType = text.plist.xml; path = "GoogleService-Info.plist"; sourceTree = "<group>"; };
		759F6E98271BFF01009DCD72 /* UIColorHex.swift */ = {isa = PBXFileReference; lastKnownFileType = sourcecode.swift; path = UIColorHex.swift; sourceTree = "<group>"; };
		75CBFB41270F236D00E7EE93 /* TeamDetailInteractor.swift */ = {isa = PBXFileReference; lastKnownFileType = sourcecode.swift; path = TeamDetailInteractor.swift; sourceTree = "<group>"; };
		75DDA6992700580F009854AE /* TeamStore.swift */ = {isa = PBXFileReference; lastKnownFileType = sourcecode.swift; path = TeamStore.swift; sourceTree = "<group>"; };
		75E6977A2728374800A2AFE0 /* UnlockButton.swift */ = {isa = PBXFileReference; lastKnownFileType = sourcecode.swift; path = UnlockButton.swift; sourceTree = "<group>"; };
		75F273E427356F3000FCA847 /* ImagePicker.swift */ = {isa = PBXFileReference; lastKnownFileType = sourcecode.swift; path = ImagePicker.swift; sourceTree = "<group>"; };
		75F5DE72270082370044A782 /* NewTeamInteractor.swift */ = {isa = PBXFileReference; lastKnownFileType = sourcecode.swift; path = NewTeamInteractor.swift; sourceTree = "<group>"; };
		75F5DE7D2700A45B0044A782 /* TeamDetailRouter.swift */ = {isa = PBXFileReference; lastKnownFileType = sourcecode.swift; path = TeamDetailRouter.swift; sourceTree = "<group>"; };
		75F5DE7F2700A8900044A782 /* UserStore.swift */ = {isa = PBXFileReference; lastKnownFileType = sourcecode.swift; path = UserStore.swift; sourceTree = "<group>"; };
		75F5DE832702178A0044A782 /* AuthStateObserver.swift */ = {isa = PBXFileReference; lastKnownFileType = sourcecode.swift; path = AuthStateObserver.swift; sourceTree = "<group>"; };
/* End PBXFileReference section */

/* Begin PBXFrameworksBuildPhase section */
		759626A226FDE91900460629 /* Frameworks */ = {
			isa = PBXFrameworksBuildPhase;
			buildActionMask = 2147483647;
			files = (
				7504C5CB271BE0D700C13FD3 /* PopupView in Frameworks */,
				75F5DE6327005E5F0044A782 /* GoogleSignIn in Frameworks */,
				75F5DE7A27008D690044A782 /* FirebaseFirestoreSwift-Beta in Frameworks */,
				75595E272725811600C33B79 /* ActivityIndicatorView in Frameworks */,
				75F5DE7C27008D690044A782 /* FirebaseMessaging in Frameworks */,
				75F5DE7627008D690044A782 /* FirebaseAuth in Frameworks */,
				75F5DE7827008D690044A782 /* FirebaseFirestore in Frameworks */,
			);
			runOnlyForDeploymentPostprocessing = 0;
		};
/* End PBXFrameworksBuildPhase section */

/* Begin PBXGroup section */
		7503560026FE0389004FA7E7 /* TeamQrCode */ = {
			isa = PBXGroup;
			children = (
				7503560126FE039B004FA7E7 /* TeamQrCodeView.swift */,
				7503560326FE03AA004FA7E7 /* TeamQrCodePresenter.swift */,
				7571BFEB2739816200E0FA1E /* TeamQrCodeRouter.swift */,
			);
			path = TeamQrCode;
			sourceTree = "<group>";
		};
		7503560726FF289D004FA7E7 /* TeamQrCodeScanner */ = {
			isa = PBXGroup;
			children = (
				7503560C26FF28F5004FA7E7 /* TeamQrCodeScannerView.swift */,
				7503560E26FF2906004FA7E7 /* TeamQrCodeScannerPresenter.swift */,
				7503560826FF28CB004FA7E7 /* QrCodeScannerView.swift */,
				7571BFED273981D900E0FA1E /* TeamQrCodeScannerRouter.swift */,
			);
			path = TeamQrCodeScanner;
			sourceTree = "<group>";
		};
		7595AB30272D640C00EFAFC9 /* OrderEdit */ = {
			isa = PBXGroup;
			children = (
				7595AB31272D643700EFAFC9 /* OrderEditView.swift */,
				7595AB33272D644D00EFAFC9 /* OrderEditPresenter.swift */,
				7595AB35272D645800EFAFC9 /* OrderEditInteractor.swift */,
				7571BFE527397E6300E0FA1E /* OrderEditRouter.swift */,
			);
			path = OrderEdit;
			sourceTree = "<group>";
		};
		7596269C26FDE91900460629 = {
			isa = PBXGroup;
			children = (
				759626A726FDE91900460629 /* OrderSheet */,
				759626A626FDE91900460629 /* Products */,
			);
			sourceTree = "<group>";
		};
		759626A626FDE91900460629 /* Products */ = {
			isa = PBXGroup;
			children = (
				759626A526FDE91900460629 /* OrderSheet.app */,
			);
			name = Products;
			sourceTree = "<group>";
		};
		759626A726FDE91900460629 /* OrderSheet */ = {
			isa = PBXGroup;
			children = (
				7596272F26FDF90700460629 /* Info.plist */,
				7596272E26FDF8D900460629 /* OrderSheet.entitlements */,
				7596273026FDFA2300460629 /* GoogleService-Info.plist */,
				75DDA69827005527009854AE /* Store */,
				759626D626FDE9DB00460629 /* Entities */,
				759626DC26FDE9DB00460629 /* Scenes */,
				759626D226FDE9DA00460629 /* Utilities */,
				759626F826FDE9DB00460629 /* ViewComponent */,
				759626A826FDE91900460629 /* OrderSheetApp.swift */,
				759626AA26FDE91900460629 /* ContentView.swift */,
				759626AC26FDE91B00460629 /* Assets.xcassets */,
				759626AE26FDE91B00460629 /* Preview Content */,
			);
			path = OrderSheet;
			sourceTree = "<group>";
		};
		759626AE26FDE91B00460629 /* Preview Content */ = {
			isa = PBXGroup;
			children = (
				759626AF26FDE91B00460629 /* Preview Assets.xcassets */,
			);
			path = "Preview Content";
			sourceTree = "<group>";
		};
		759626D226FDE9DA00460629 /* Utilities */ = {
			isa = PBXGroup;
			children = (
				759626D326FDE9DA00460629 /* DateUtility.swift */,
				759626D426FDE9DA00460629 /* FirebaseAuth.swift */,
				759626D526FDE9DA00460629 /* UIApplicationExtension.swift */,
				750355FE26FE02C4004FA7E7 /* TeamQrCodeManager.swift */,
				759F6E98271BFF01009DCD72 /* UIColorHex.swift */,
			);
			path = Utilities;
			sourceTree = "<group>";
		};
		759626D626FDE9DB00460629 /* Entities */ = {
			isa = PBXGroup;
			children = (
				759626D726FDE9DB00460629 /* Order.swift */,
				759626D826FDE9DB00460629 /* Team.swift */,
				759626D926FDE9DB00460629 /* User.swift */,
				759626DA26FDE9DB00460629 /* FirebaseAuthStateObserver.swift */,
				75F5DE832702178A0044A782 /* AuthStateObserver.swift */,
				7504C5C72719CADE00C13FD3 /* BannerContent.swift */,
			);
			path = Entities;
			sourceTree = "<group>";
		};
		759626DC26FDE9DB00460629 /* Scenes */ = {
			isa = PBXGroup;
			children = (
				759626E726FDE9DB00460629 /* Root */,
				759626F526FDE9DB00460629 /* Login */,
				759626DD26FDE9DB00460629 /* Home */,
				759626EE26FDE9DB00460629 /* OrderList */,
				759626F226FDE9DB00460629 /* NewOrder */,
				7595AB30272D640C00EFAFC9 /* OrderEdit */,
				759626EB26FDE9DB00460629 /* OrderDetail */,
				759626E126FDE9DB00460629 /* NewTeam */,
				759626E426FDE9DB00460629 /* TeamDetail */,
				7503560026FE0389004FA7E7 /* TeamQrCode */,
				7503560726FF289D004FA7E7 /* TeamQrCodeScanner */,
			);
			path = Scenes;
			sourceTree = "<group>";
		};
		759626DD26FDE9DB00460629 /* Home */ = {
			isa = PBXGroup;
			children = (
				759626DE26FDE9DB00460629 /* HomeView.swift */,
				759626E026FDE9DB00460629 /* HomePresenter.swift */,
				758BA3F2270DE0A0005C2407 /* HomeInteractor.swift */,
				759626DF26FDE9DB00460629 /* HomeRouter.swift */,
			);
			path = Home;
			sourceTree = "<group>";
		};
		759626E126FDE9DB00460629 /* NewTeam */ = {
			isa = PBXGroup;
			children = (
				759626E326FDE9DB00460629 /* NewTeamView.swift */,
				759626E226FDE9DB00460629 /* NewTeamPresenter.swift */,
				75F5DE72270082370044A782 /* NewTeamInteractor.swift */,
				7571BFE927397FB000E0FA1E /* NewTeamRouter.swift */,
			);
			path = NewTeam;
			sourceTree = "<group>";
		};
		759626E426FDE9DB00460629 /* TeamDetail */ = {
			isa = PBXGroup;
			children = (
				759626E526FDE9DB00460629 /* TeamDetailView.swift */,
				759626E626FDE9DB00460629 /* TeamDetailPresenter.swift */,
				75CBFB41270F236D00E7EE93 /* TeamDetailInteractor.swift */,
				75F5DE7D2700A45B0044A782 /* TeamDetailRouter.swift */,
			);
			path = TeamDetail;
			sourceTree = "<group>";
		};
		759626E726FDE9DB00460629 /* Root */ = {
			isa = PBXGroup;
			children = (
				759626E926FDE9DB00460629 /* RootView.swift */,
				759626EA26FDE9DB00460629 /* RootPresenter.swift */,
				759626E826FDE9DB00460629 /* RootRouter.swift */,
			);
			path = Root;
			sourceTree = "<group>";
		};
		759626EB26FDE9DB00460629 /* OrderDetail */ = {
			isa = PBXGroup;
			children = (
				759626ED26FDE9DB00460629 /* OrderDetailView.swift */,
				759626EC26FDE9DB00460629 /* OrderDetailPresenter.swift */,
				751015CB2723051F00DE7E99 /* OrderDetailInteractor.swift */,
				7571BFE727397F1100E0FA1E /* OrderDetailRouter.swift */,
			);
			path = OrderDetail;
			sourceTree = "<group>";
		};
		759626EE26FDE9DB00460629 /* OrderList */ = {
			isa = PBXGroup;
			children = (
				759626EF26FDE9DB00460629 /* OrderListView.swift */,
				759626F026FDE9DB00460629 /* OrderListPresenter.swift */,
				755AE30C2715C67E001EE2D3 /* OrderListInteractor.swift */,
				759626F126FDE9DB00460629 /* OrderListRouter.swift */,
			);
			path = OrderList;
			sourceTree = "<group>";
		};
		759626F226FDE9DB00460629 /* NewOrder */ = {
			isa = PBXGroup;
			children = (
				759626F326FDE9DB00460629 /* NewOrderView.swift */,
				759626F426FDE9DB00460629 /* NewOrderPresenter.swift */,
				751F62B12717357E00D19E8F /* NewOrderInteractor.swift */,
				7571BFE327397D9000E0FA1E /* NewOrderRouter.swift */,
			);
			path = NewOrder;
			sourceTree = "<group>";
		};
		759626F526FDE9DB00460629 /* Login */ = {
			isa = PBXGroup;
			children = (
				759626F626FDE9DB00460629 /* LoginView.swift */,
				759626F726FDE9DB00460629 /* LoginPresenter.swift */,
				7571BFEF273983A200E0FA1E /* LoginRouter.swift */,
			);
			path = Login;
			sourceTree = "<group>";
		};
		759626F826FDE9DB00460629 /* ViewComponent */ = {
			isa = PBXGroup;
			children = (
				759626F926FDE9DB00460629 /* CartButton.swift */,
				751015C92722FB0200DE7E99 /* CartCheckButton.swift */,
				759626FA26FDE9DB00460629 /* EditableList.swift */,
				759626FB26FDE9DB00460629 /* CommitButton.swift */,
				759626FC26FDE9DB00460629 /* GoogleSignInButton.swift */,
				759626FD26FDE9DB00460629 /* OrderList.swift */,
				759626FE26FDE9DB00460629 /* CustomTextField.swift */,
				759626FF26FDE9DB00460629 /* AppleSignInButton.swift */,
				7596270026FDE9DB00460629 /* RemoveButton.swift */,
				7596270126FDE9DB00460629 /* OrderItemList.swift */,
				7596270226FDE9DB00460629 /* AddButton.swift */,
				75119BF3271C1CCB00187EB3 /* QrCodeScannerBanner.swift */,
				751015C7271F15E100DE7E99 /* TeamSelectList.swift */,
				75595E28272586BB00C33B79 /* ActivityIndicator.swift */,
				75E6977A2728374800A2AFE0 /* UnlockButton.swift */,
				75F273E427356F3000FCA847 /* ImagePicker.swift */,
				7582F61027357CD2001D9EA5 /* AvatarImagePicker.swift */,
				7567FAC52736A309002620C3 /* AvatarImage.swift */,
			);
			path = ViewComponent;
			sourceTree = "<group>";
		};
		75DDA69827005527009854AE /* Store */ = {
			isa = PBXGroup;
			children = (
				75DDA6992700580F009854AE /* TeamStore.swift */,
				75F5DE7F2700A8900044A782 /* UserStore.swift */,
				751F62B32717360400D19E8F /* OrderStore.swift */,
			);
			path = Store;
			sourceTree = "<group>";
		};
/* End PBXGroup section */

/* Begin PBXNativeTarget section */
		759626A426FDE91900460629 /* OrderSheet */ = {
			isa = PBXNativeTarget;
			buildConfigurationList = 759626C926FDE91B00460629 /* Build configuration list for PBXNativeTarget "OrderSheet" */;
			buildPhases = (
				759626A126FDE91900460629 /* Sources */,
				759626A226FDE91900460629 /* Frameworks */,
				759626A326FDE91900460629 /* Resources */,
			);
			buildRules = (
			);
			dependencies = (
			);
			name = OrderSheet;
			packageProductDependencies = (
				75F5DE6227005E5F0044A782 /* GoogleSignIn */,
				75F5DE7527008D690044A782 /* FirebaseAuth */,
				75F5DE7727008D690044A782 /* FirebaseFirestore */,
				75F5DE7927008D690044A782 /* FirebaseFirestoreSwift-Beta */,
				75F5DE7B27008D690044A782 /* FirebaseMessaging */,
				7504C5CA271BE0D700C13FD3 /* PopupView */,
				75595E262725811600C33B79 /* ActivityIndicatorView */,
			);
			productName = OrderSheet;
			productReference = 759626A526FDE91900460629 /* OrderSheet.app */;
			productType = "com.apple.product-type.application";
		};
/* End PBXNativeTarget section */

/* Begin PBXProject section */
		7596269D26FDE91900460629 /* Project object */ = {
			isa = PBXProject;
			attributes = {
				BuildIndependentTargetsInParallel = 1;
				LastSwiftUpdateCheck = 1300;
				LastUpgradeCheck = 1300;
				TargetAttributes = {
					759626A426FDE91900460629 = {
						CreatedOnToolsVersion = 13.0;
					};
				};
			};
			buildConfigurationList = 759626A026FDE91900460629 /* Build configuration list for PBXProject "OrderSheet" */;
			compatibilityVersion = "Xcode 13.0";
			developmentRegion = en;
			hasScannedForEncodings = 0;
			knownRegions = (
				en,
				Base,
			);
			mainGroup = 7596269C26FDE91900460629;
			packageReferences = (
				75F5DE6127005E5E0044A782 /* XCRemoteSwiftPackageReference "GoogleSignIn-iOS" */,
				75F5DE7427008D690044A782 /* XCRemoteSwiftPackageReference "firebase-ios-sdk" */,
				7504C5C9271BE0D700C13FD3 /* XCRemoteSwiftPackageReference "PopupView" */,
				75595E252725811600C33B79 /* XCRemoteSwiftPackageReference "ActivityIndicatorView" */,
			);
			productRefGroup = 759626A626FDE91900460629 /* Products */;
			projectDirPath = "";
			projectRoot = "";
			targets = (
				759626A426FDE91900460629 /* OrderSheet */,
			);
		};
/* End PBXProject section */

/* Begin PBXResourcesBuildPhase section */
		759626A326FDE91900460629 /* Resources */ = {
			isa = PBXResourcesBuildPhase;
			buildActionMask = 2147483647;
			files = (
				759626B026FDE91B00460629 /* Preview Assets.xcassets in Resources */,
				7596273126FDFA2300460629 /* GoogleService-Info.plist in Resources */,
				759626AD26FDE91B00460629 /* Assets.xcassets in Resources */,
			);
			runOnlyForDeploymentPostprocessing = 0;
		};
/* End PBXResourcesBuildPhase section */

/* Begin PBXSourcesBuildPhase section */
		759626A126FDE91900460629 /* Sources */ = {
			isa = PBXSourcesBuildPhase;
			buildActionMask = 2147483647;
			files = (
				7596270626FDE9DB00460629 /* Order.swift in Sources */,
				7596270C26FDE9DB00460629 /* HomeRouter.swift in Sources */,
				75CBFB42270F236D00E7EE93 /* TeamDetailInteractor.swift in Sources */,
				7596270926FDE9DB00460629 /* FirebaseAuthStateObserver.swift in Sources */,
				7504C5C82719CADE00C13FD3 /* BannerContent.swift in Sources */,
				7595AB34272D644D00EFAFC9 /* OrderEditPresenter.swift in Sources */,
				7596270F26FDE9DB00460629 /* NewTeamView.swift in Sources */,
				7596272426FDE9DB00460629 /* AppleSignInButton.swift in Sources */,
				7596271B26FDE9DB00460629 /* NewOrderPresenter.swift in Sources */,
				7503560F26FF2906004FA7E7 /* TeamQrCodeScannerPresenter.swift in Sources */,
				7571BFE827397F1100E0FA1E /* OrderDetailRouter.swift in Sources */,
				75F273E527356F3000FCA847 /* ImagePicker.swift in Sources */,
				758BA3F3270DE0A0005C2407 /* HomeInteractor.swift in Sources */,
				7596271226FDE9DB00460629 /* RootRouter.swift in Sources */,
				7571BFF0273983A200E0FA1E /* LoginRouter.swift in Sources */,
				7595AB32272D643700EFAFC9 /* OrderEditView.swift in Sources */,
				75E6977B2728374800A2AFE0 /* UnlockButton.swift in Sources */,
				7596271F26FDE9DB00460629 /* EditableList.swift in Sources */,
				7571BFE627397E6300E0FA1E /* OrderEditRouter.swift in Sources */,
				7503560226FE039B004FA7E7 /* TeamQrCodeView.swift in Sources */,
				751015C8271F15E100DE7E99 /* TeamSelectList.swift in Sources */,
				7503560D26FF28F5004FA7E7 /* TeamQrCodeScannerView.swift in Sources */,
				751F62B22717357E00D19E8F /* NewOrderInteractor.swift in Sources */,
				7582F61127357CD2001D9EA5 /* AvatarImagePicker.swift in Sources */,
				7596271026FDE9DB00460629 /* TeamDetailView.swift in Sources */,
				7596272226FDE9DB00460629 /* OrderList.swift in Sources */,
				7596271326FDE9DB00460629 /* RootView.swift in Sources */,
				7596271126FDE9DB00460629 /* TeamDetailPresenter.swift in Sources */,
				7503560926FF28CB004FA7E7 /* QrCodeScannerView.swift in Sources */,
				7596271626FDE9DB00460629 /* OrderDetailView.swift in Sources */,
				7596270426FDE9DB00460629 /* FirebaseAuth.swift in Sources */,
				7596271526FDE9DB00460629 /* OrderDetailPresenter.swift in Sources */,
				75595E29272586BB00C33B79 /* ActivityIndicator.swift in Sources */,
				7571BFEE273981D900E0FA1E /* TeamQrCodeScannerRouter.swift in Sources */,
				7596272326FDE9DB00460629 /* CustomTextField.swift in Sources */,
				7596271826FDE9DB00460629 /* OrderListPresenter.swift in Sources */,
				7596272626FDE9DB00460629 /* OrderItemList.swift in Sources */,
				750355FF26FE02C4004FA7E7 /* TeamQrCodeManager.swift in Sources */,
				7596271A26FDE9DB00460629 /* NewOrderView.swift in Sources */,
				7571BFEA27397FB000E0FA1E /* NewTeamRouter.swift in Sources */,
				7596270E26FDE9DB00460629 /* NewTeamPresenter.swift in Sources */,
				7596271926FDE9DB00460629 /* OrderListRouter.swift in Sources */,
				75F5DE73270082370044A782 /* NewTeamInteractor.swift in Sources */,
				7596271426FDE9DB00460629 /* RootPresenter.swift in Sources */,
				751015CC2723051F00DE7E99 /* OrderDetailInteractor.swift in Sources */,
				7596272026FDE9DB00460629 /* CommitButton.swift in Sources */,
				7596270726FDE9DB00460629 /* Team.swift in Sources */,
				7596272726FDE9DB00460629 /* AddButton.swift in Sources */,
				7571BFE427397D9000E0FA1E /* NewOrderRouter.swift in Sources */,
				7596271D26FDE9DB00460629 /* LoginPresenter.swift in Sources */,
				759626AB26FDE91900460629 /* ContentView.swift in Sources */,
				7596272126FDE9DB00460629 /* GoogleSignInButton.swift in Sources */,
				7571BFEC2739816200E0FA1E /* TeamQrCodeRouter.swift in Sources */,
				7596271726FDE9DB00460629 /* OrderListView.swift in Sources */,
				75F5DE842702178A0044A782 /* AuthStateObserver.swift in Sources */,
				75119BF4271C1CCB00187EB3 /* QrCodeScannerBanner.swift in Sources */,
				7596270B26FDE9DB00460629 /* HomeView.swift in Sources */,
				751015CA2722FB0200DE7E99 /* CartCheckButton.swift in Sources */,
				75F5DE802700A8900044A782 /* UserStore.swift in Sources */,
				7567FAC62736A309002620C3 /* AvatarImage.swift in Sources */,
				7596270826FDE9DB00460629 /* User.swift in Sources */,
				75DDA69A2700580F009854AE /* TeamStore.swift in Sources */,
				751F62B42717360400D19E8F /* OrderStore.swift in Sources */,
				7596271C26FDE9DB00460629 /* LoginView.swift in Sources */,
				7596270526FDE9DB00460629 /* UIApplicationExtension.swift in Sources */,
				7596272526FDE9DB00460629 /* RemoveButton.swift in Sources */,
				7596270D26FDE9DB00460629 /* HomePresenter.swift in Sources */,
				755AE30D2715C67E001EE2D3 /* OrderListInteractor.swift in Sources */,
				7596270326FDE9DB00460629 /* DateUtility.swift in Sources */,
				75F5DE7E2700A45B0044A782 /* TeamDetailRouter.swift in Sources */,
				7503560426FE03AA004FA7E7 /* TeamQrCodePresenter.swift in Sources */,
				759F6E99271BFF01009DCD72 /* UIColorHex.swift in Sources */,
				7595AB36272D645800EFAFC9 /* OrderEditInteractor.swift in Sources */,
				759626A926FDE91900460629 /* OrderSheetApp.swift in Sources */,
				7596271E26FDE9DB00460629 /* CartButton.swift in Sources */,
			);
			runOnlyForDeploymentPostprocessing = 0;
		};
/* End PBXSourcesBuildPhase section */

/* Begin XCBuildConfiguration section */
		759626C726FDE91B00460629 /* Debug */ = {
			isa = XCBuildConfiguration;
			buildSettings = {
				ALWAYS_SEARCH_USER_PATHS = NO;
				CLANG_ANALYZER_NONNULL = YES;
				CLANG_ANALYZER_NUMBER_OBJECT_CONVERSION = YES_AGGRESSIVE;
				CLANG_CXX_LANGUAGE_STANDARD = "gnu++17";
				CLANG_CXX_LIBRARY = "libc++";
				CLANG_ENABLE_MODULES = YES;
				CLANG_ENABLE_OBJC_ARC = YES;
				CLANG_ENABLE_OBJC_WEAK = YES;
				CLANG_WARN_BLOCK_CAPTURE_AUTORELEASING = YES;
				CLANG_WARN_BOOL_CONVERSION = YES;
				CLANG_WARN_COMMA = YES;
				CLANG_WARN_CONSTANT_CONVERSION = YES;
				CLANG_WARN_DEPRECATED_OBJC_IMPLEMENTATIONS = YES;
				CLANG_WARN_DIRECT_OBJC_ISA_USAGE = YES_ERROR;
				CLANG_WARN_DOCUMENTATION_COMMENTS = YES;
				CLANG_WARN_EMPTY_BODY = YES;
				CLANG_WARN_ENUM_CONVERSION = YES;
				CLANG_WARN_INFINITE_RECURSION = YES;
				CLANG_WARN_INT_CONVERSION = YES;
				CLANG_WARN_NON_LITERAL_NULL_CONVERSION = YES;
				CLANG_WARN_OBJC_IMPLICIT_RETAIN_SELF = YES;
				CLANG_WARN_OBJC_LITERAL_CONVERSION = YES;
				CLANG_WARN_OBJC_ROOT_CLASS = YES_ERROR;
				CLANG_WARN_QUOTED_INCLUDE_IN_FRAMEWORK_HEADER = YES;
				CLANG_WARN_RANGE_LOOP_ANALYSIS = YES;
				CLANG_WARN_STRICT_PROTOTYPES = YES;
				CLANG_WARN_SUSPICIOUS_MOVE = YES;
				CLANG_WARN_UNGUARDED_AVAILABILITY = YES_AGGRESSIVE;
				CLANG_WARN_UNREACHABLE_CODE = YES;
				CLANG_WARN__DUPLICATE_METHOD_MATCH = YES;
				COPY_PHASE_STRIP = NO;
				DEBUG_INFORMATION_FORMAT = dwarf;
				ENABLE_STRICT_OBJC_MSGSEND = YES;
				ENABLE_TESTABILITY = YES;
				GCC_C_LANGUAGE_STANDARD = gnu11;
				GCC_DYNAMIC_NO_PIC = NO;
				GCC_NO_COMMON_BLOCKS = YES;
				GCC_OPTIMIZATION_LEVEL = 0;
				GCC_PREPROCESSOR_DEFINITIONS = (
					"DEBUG=1",
					"$(inherited)",
				);
				GCC_WARN_64_TO_32_BIT_CONVERSION = YES;
				GCC_WARN_ABOUT_RETURN_TYPE = YES_ERROR;
				GCC_WARN_UNDECLARED_SELECTOR = YES;
				GCC_WARN_UNINITIALIZED_AUTOS = YES_AGGRESSIVE;
				GCC_WARN_UNUSED_FUNCTION = YES;
				GCC_WARN_UNUSED_VARIABLE = YES;
				IPHONEOS_DEPLOYMENT_TARGET = 15.0;
				MTL_ENABLE_DEBUG_INFO = INCLUDE_SOURCE;
				MTL_FAST_MATH = YES;
				ONLY_ACTIVE_ARCH = YES;
				SDKROOT = iphoneos;
				SWIFT_ACTIVE_COMPILATION_CONDITIONS = DEBUG;
				SWIFT_OPTIMIZATION_LEVEL = "-Onone";
			};
			name = Debug;
		};
		759626C826FDE91B00460629 /* Release */ = {
			isa = XCBuildConfiguration;
			buildSettings = {
				ALWAYS_SEARCH_USER_PATHS = NO;
				CLANG_ANALYZER_NONNULL = YES;
				CLANG_ANALYZER_NUMBER_OBJECT_CONVERSION = YES_AGGRESSIVE;
				CLANG_CXX_LANGUAGE_STANDARD = "gnu++17";
				CLANG_CXX_LIBRARY = "libc++";
				CLANG_ENABLE_MODULES = YES;
				CLANG_ENABLE_OBJC_ARC = YES;
				CLANG_ENABLE_OBJC_WEAK = YES;
				CLANG_WARN_BLOCK_CAPTURE_AUTORELEASING = YES;
				CLANG_WARN_BOOL_CONVERSION = YES;
				CLANG_WARN_COMMA = YES;
				CLANG_WARN_CONSTANT_CONVERSION = YES;
				CLANG_WARN_DEPRECATED_OBJC_IMPLEMENTATIONS = YES;
				CLANG_WARN_DIRECT_OBJC_ISA_USAGE = YES_ERROR;
				CLANG_WARN_DOCUMENTATION_COMMENTS = YES;
				CLANG_WARN_EMPTY_BODY = YES;
				CLANG_WARN_ENUM_CONVERSION = YES;
				CLANG_WARN_INFINITE_RECURSION = YES;
				CLANG_WARN_INT_CONVERSION = YES;
				CLANG_WARN_NON_LITERAL_NULL_CONVERSION = YES;
				CLANG_WARN_OBJC_IMPLICIT_RETAIN_SELF = YES;
				CLANG_WARN_OBJC_LITERAL_CONVERSION = YES;
				CLANG_WARN_OBJC_ROOT_CLASS = YES_ERROR;
				CLANG_WARN_QUOTED_INCLUDE_IN_FRAMEWORK_HEADER = YES;
				CLANG_WARN_RANGE_LOOP_ANALYSIS = YES;
				CLANG_WARN_STRICT_PROTOTYPES = YES;
				CLANG_WARN_SUSPICIOUS_MOVE = YES;
				CLANG_WARN_UNGUARDED_AVAILABILITY = YES_AGGRESSIVE;
				CLANG_WARN_UNREACHABLE_CODE = YES;
				CLANG_WARN__DUPLICATE_METHOD_MATCH = YES;
				COPY_PHASE_STRIP = NO;
				DEBUG_INFORMATION_FORMAT = "dwarf-with-dsym";
				ENABLE_NS_ASSERTIONS = NO;
				ENABLE_STRICT_OBJC_MSGSEND = YES;
				GCC_C_LANGUAGE_STANDARD = gnu11;
				GCC_NO_COMMON_BLOCKS = YES;
				GCC_WARN_64_TO_32_BIT_CONVERSION = YES;
				GCC_WARN_ABOUT_RETURN_TYPE = YES_ERROR;
				GCC_WARN_UNDECLARED_SELECTOR = YES;
				GCC_WARN_UNINITIALIZED_AUTOS = YES_AGGRESSIVE;
				GCC_WARN_UNUSED_FUNCTION = YES;
				GCC_WARN_UNUSED_VARIABLE = YES;
				IPHONEOS_DEPLOYMENT_TARGET = 15.0;
				MTL_ENABLE_DEBUG_INFO = NO;
				MTL_FAST_MATH = YES;
				SDKROOT = iphoneos;
				SWIFT_COMPILATION_MODE = wholemodule;
				SWIFT_OPTIMIZATION_LEVEL = "-O";
				VALIDATE_PRODUCT = YES;
			};
			name = Release;
		};
		759626CA26FDE91B00460629 /* Debug */ = {
			isa = XCBuildConfiguration;
			buildSettings = {
				ASSETCATALOG_COMPILER_APPICON_NAME = AppIcon;
				ASSETCATALOG_COMPILER_GLOBAL_ACCENT_COLOR_NAME = AccentColor;
				CODE_SIGN_ENTITLEMENTS = OrderSheet/OrderSheet.entitlements;
				CODE_SIGN_IDENTITY = "iPhone Developer";
				CODE_SIGN_STYLE = Manual;
				CURRENT_PROJECT_VERSION = 1;
				DEVELOPMENT_ASSET_PATHS = "\"OrderSheet/Preview Content\"";
				DEVELOPMENT_TEAM = TB8F2PW523;
				ENABLE_PREVIEWS = YES;
				GENERATE_INFOPLIST_FILE = YES;
				INFOPLIST_FILE = OrderSheet/Info.plist;
				INFOPLIST_KEY_NSCameraUsageDescription = "カメラでQRコードを読み取ります。";
				INFOPLIST_KEY_UIApplicationSceneManifest_Generation = YES;
				INFOPLIST_KEY_UIApplicationSupportsIndirectInputEvents = YES;
				INFOPLIST_KEY_UILaunchScreen_Generation = YES;
				INFOPLIST_KEY_UISupportedInterfaceOrientations = "UIInterfaceOrientationPortrait UIInterfaceOrientationPortraitUpsideDown";
				INFOPLIST_KEY_UISupportedInterfaceOrientations_iPad = "UIInterfaceOrientationPortrait UIInterfaceOrientationPortraitUpsideDown UIInterfaceOrientationLandscapeLeft UIInterfaceOrientationLandscapeRight";
				INFOPLIST_KEY_UISupportedInterfaceOrientations_iPhone = "UIInterfaceOrientationPortrait UIInterfaceOrientationLandscapeLeft UIInterfaceOrientationLandscapeRight";
				IPHONEOS_DEPLOYMENT_TARGET = 15.0;
				LD_RUNPATH_SEARCH_PATHS = (
					"$(inherited)",
					"@executable_path/Frameworks",
				);
				MARKETING_VERSION = 1.0;
				PRODUCT_BUNDLE_IDENTIFIER = icu.yum14.OrderSheet;
				PRODUCT_NAME = "$(TARGET_NAME)";
				PROVISIONING_PROFILE_SPECIFIER = "OrderSheet Development Provisioning Profile";
				SWIFT_EMIT_LOC_STRINGS = YES;
				SWIFT_VERSION = 5.0;
				TARGETED_DEVICE_FAMILY = 1;
			};
			name = Debug;
		};
		759626CB26FDE91B00460629 /* Release */ = {
			isa = XCBuildConfiguration;
			buildSettings = {
				ASSETCATALOG_COMPILER_APPICON_NAME = AppIcon;
				ASSETCATALOG_COMPILER_GLOBAL_ACCENT_COLOR_NAME = AccentColor;
				CODE_SIGN_ENTITLEMENTS = OrderSheet/OrderSheet.entitlements;
				CODE_SIGN_IDENTITY = "iPhone Developer";
				CODE_SIGN_STYLE = Manual;
				CURRENT_PROJECT_VERSION = 1;
				DEVELOPMENT_ASSET_PATHS = "\"OrderSheet/Preview Content\"";
				DEVELOPMENT_TEAM = TB8F2PW523;
				ENABLE_PREVIEWS = YES;
				GENERATE_INFOPLIST_FILE = YES;
				INFOPLIST_FILE = OrderSheet/Info.plist;
				INFOPLIST_KEY_NSCameraUsageDescription = "カメラでQRコードを読み取ります。";
				INFOPLIST_KEY_UIApplicationSceneManifest_Generation = YES;
				INFOPLIST_KEY_UIApplicationSupportsIndirectInputEvents = YES;
				INFOPLIST_KEY_UILaunchScreen_Generation = YES;
				INFOPLIST_KEY_UISupportedInterfaceOrientations = "UIInterfaceOrientationPortrait UIInterfaceOrientationPortraitUpsideDown";
				INFOPLIST_KEY_UISupportedInterfaceOrientations_iPad = "UIInterfaceOrientationPortrait UIInterfaceOrientationPortraitUpsideDown UIInterfaceOrientationLandscapeLeft UIInterfaceOrientationLandscapeRight";
				INFOPLIST_KEY_UISupportedInterfaceOrientations_iPhone = "UIInterfaceOrientationPortrait UIInterfaceOrientationLandscapeLeft UIInterfaceOrientationLandscapeRight";
				IPHONEOS_DEPLOYMENT_TARGET = 15.0;
				LD_RUNPATH_SEARCH_PATHS = (
					"$(inherited)",
					"@executable_path/Frameworks",
				);
				MARKETING_VERSION = 1.0;
				PRODUCT_BUNDLE_IDENTIFIER = icu.yum14.OrderSheet;
				PRODUCT_NAME = "$(TARGET_NAME)";
				PROVISIONING_PROFILE_SPECIFIER = "OrderSheet Development Provisioning Profile";
				SWIFT_EMIT_LOC_STRINGS = YES;
				SWIFT_VERSION = 5.0;
				TARGETED_DEVICE_FAMILY = 1;
			};
			name = Release;
		};
/* End XCBuildConfiguration section */

/* Begin XCConfigurationList section */
		759626A026FDE91900460629 /* Build configuration list for PBXProject "OrderSheet" */ = {
			isa = XCConfigurationList;
			buildConfigurations = (
				759626C726FDE91B00460629 /* Debug */,
				759626C826FDE91B00460629 /* Release */,
			);
			defaultConfigurationIsVisible = 0;
			defaultConfigurationName = Release;
		};
		759626C926FDE91B00460629 /* Build configuration list for PBXNativeTarget "OrderSheet" */ = {
			isa = XCConfigurationList;
			buildConfigurations = (
				759626CA26FDE91B00460629 /* Debug */,
				759626CB26FDE91B00460629 /* Release */,
			);
			defaultConfigurationIsVisible = 0;
			defaultConfigurationName = Release;
		};
/* End XCConfigurationList section */

/* Begin XCRemoteSwiftPackageReference section */
		7504C5C9271BE0D700C13FD3 /* XCRemoteSwiftPackageReference "PopupView" */ = {
			isa = XCRemoteSwiftPackageReference;
			repositoryURL = "https://github.com/exyte/PopupView.git";
			requirement = {
				kind = upToNextMajorVersion;
				minimumVersion = 1.0.0;
			};
		};
		75595E252725811600C33B79 /* XCRemoteSwiftPackageReference "ActivityIndicatorView" */ = {
			isa = XCRemoteSwiftPackageReference;
			repositoryURL = "https://github.com/exyte/ActivityIndicatorView.git";
			requirement = {
				kind = upToNextMajorVersion;
				minimumVersion = 1.0.0;
			};
		};
		75F5DE6127005E5E0044A782 /* XCRemoteSwiftPackageReference "GoogleSignIn-iOS" */ = {
			isa = XCRemoteSwiftPackageReference;
			repositoryURL = "https://github.com/google/GoogleSignIn-iOS";
			requirement = {
				kind = upToNextMajorVersion;
				minimumVersion = 6.0.0;
			};
		};
		75F5DE7427008D690044A782 /* XCRemoteSwiftPackageReference "firebase-ios-sdk" */ = {
			isa = XCRemoteSwiftPackageReference;
			repositoryURL = "https://github.com/firebase/firebase-ios-sdk.git";
			requirement = {
				kind = upToNextMajorVersion;
				minimumVersion = 7.0.0;
			};
		};
/* End XCRemoteSwiftPackageReference section */

/* Begin XCSwiftPackageProductDependency section */
		7504C5CA271BE0D700C13FD3 /* PopupView */ = {
			isa = XCSwiftPackageProductDependency;
			package = 7504C5C9271BE0D700C13FD3 /* XCRemoteSwiftPackageReference "PopupView" */;
			productName = PopupView;
		};
		75595E262725811600C33B79 /* ActivityIndicatorView */ = {
			isa = XCSwiftPackageProductDependency;
			package = 75595E252725811600C33B79 /* XCRemoteSwiftPackageReference "ActivityIndicatorView" */;
			productName = ActivityIndicatorView;
		};
		75F5DE6227005E5F0044A782 /* GoogleSignIn */ = {
			isa = XCSwiftPackageProductDependency;
			package = 75F5DE6127005E5E0044A782 /* XCRemoteSwiftPackageReference "GoogleSignIn-iOS" */;
			productName = GoogleSignIn;
		};
		75F5DE7527008D690044A782 /* FirebaseAuth */ = {
			isa = XCSwiftPackageProductDependency;
			package = 75F5DE7427008D690044A782 /* XCRemoteSwiftPackageReference "firebase-ios-sdk" */;
			productName = FirebaseAuth;
		};
		75F5DE7727008D690044A782 /* FirebaseFirestore */ = {
			isa = XCSwiftPackageProductDependency;
			package = 75F5DE7427008D690044A782 /* XCRemoteSwiftPackageReference "firebase-ios-sdk" */;
			productName = FirebaseFirestore;
		};
		75F5DE7927008D690044A782 /* FirebaseFirestoreSwift-Beta */ = {
			isa = XCSwiftPackageProductDependency;
			package = 75F5DE7427008D690044A782 /* XCRemoteSwiftPackageReference "firebase-ios-sdk" */;
			productName = "FirebaseFirestoreSwift-Beta";
		};
		75F5DE7B27008D690044A782 /* FirebaseMessaging */ = {
			isa = XCSwiftPackageProductDependency;
			package = 75F5DE7427008D690044A782 /* XCRemoteSwiftPackageReference "firebase-ios-sdk" */;
			productName = FirebaseMessaging;
		};
/* End XCSwiftPackageProductDependency section */
	};
	rootObject = 7596269D26FDE91900460629 /* Project object */;
}
